
Microsoft Visual Studio Solution File, Format Version 12.00
# Visual Studio 15
VisualStudioVersion = 15.0.28010.2036
MinimumVisualStudioVersion = 10.0.40219.1
Project("{8BC9CEB8-8B4A-11D0-8D11-00A0C91BC942}") = "Project7", "Project7\Project7.vcxproj", "{EB44B6FE-F422-4723-8A0D-F8E96E1686BD}"
EndProject
Global
	GlobalSection(SolutionConfigurationPlatforms) = preSolution
		Debug|x64 = Debug|x64
		Debug|x86 = Debug|x86
		Release|x64 = Release|x64
		Release|x86 = Release|x86
	EndGlobalSection
	GlobalSection(ProjectConfigurationPlatforms) = postSolution
		{EB44B6FE-F422-4723-8A0D-F8E96E1686BD}.Debug|x64.ActiveCfg = Debug|x64
		{EB44B6FE-F422-4723-8A0D-F8E96E1686BD}.Debug|x64.Build.0 = Debug|x64
		{EB44B6FE-F422-4723-8A0D-F8E96E1686BD}.Debug|x86.ActiveCfg = Debug|Win32
		{EB44B6FE-F422-4723-8A0D-F8E96E1686BD}.Debug|x86.Build.0 = Debug|Win32
		{EB44B6FE-F422-4723-8A0D-F8E96E1686BD}.Release|x64.ActiveCfg = Release|x64
		{EB44B6FE-F422-4723-8A0D-F8E96E1686BD}.Release|x64.Build.0 = Release|x64
		{EB44B6FE-F422-4723-8A0D-F8E96E1686BD}.Release|x86.ActiveCfg = Release|Win32
		{EB44B6FE-F422-4723-8A0D-F8E96E1686BD}.Release|x86.Build.0 = Release|Win32
	EndGlobalSection
	GlobalSection(SolutionProperties) = preSolution
		HideSolutionNode = FALSE
	EndGlobalSection
	GlobalSection(ExtensibilityGlobals) = postSolution
		SolutionGuid = {50CB7696-B25F-439A-BDC4-F93D7A554330}
	EndGlobalSection
EndGlobal
